{
  "nodes": {
    "agenix": {
      "inputs": {
        "darwin": "darwin",
        "home-manager": "home-manager",
        "nixpkgs": [
          "nixpkgs"
        ],
        "systems": "systems"
      },
      "locked": {
        "lastModified": 1736955230,
        "narHash": "sha256-uenf8fv2eG5bKM8C/UvFaiJMZ4IpUFaQxk9OH5t/1gA=",
        "owner": "ryantm",
        "repo": "agenix",
        "rev": "e600439ec4c273cf11e06fe4d9d906fb98fa097c",
        "type": "github"
      },
      "original": {
        "owner": "ryantm",
        "repo": "agenix",
        "type": "github"
      }
    },
    "darwin": {
      "inputs": {
        "nixpkgs": [
          "agenix",
          "nixpkgs"
        ]
      },
      "locked": {
        "lastModified": 1700795494,
        "narHash": "sha256-gzGLZSiOhf155FW7262kdHo2YDeugp3VuIFb4/GGng0=",
        "owner": "lnl7",
        "repo": "nix-darwin",
        "rev": "4b9b83d5a92e8c1fbfd8eb27eda375908c11ec4d",
        "type": "github"
      },
      "original": {
        "owner": "lnl7",
        "ref": "master",
        "repo": "nix-darwin",
        "type": "github"
      }
    },
    "flake-compat": {
      "flake": false,
      "locked": {
        "lastModified": 1733328505,
        "narHash": "sha256-NeCCThCEP3eCl2l/+27kNNK7QrwZB1IJCrXfrbv5oqU=",
        "owner": "edolstra",
        "repo": "flake-compat",
        "rev": "ff81ac966bb2cae68946d5ed5fc4994f96d0ffec",
        "type": "github"
      },
      "original": {
        "owner": "edolstra",
        "repo": "flake-compat",
        "type": "github"
      }
    },
    "flake-utils": {
      "inputs": {
        "systems": "systems_2"
      },
      "locked": {
        "lastModified": 1731533236,
        "narHash": "sha256-l0KFg5HjrsfsO/JpG+r7fRrqm12kzFHyUHqHCVpMMbI=",
        "owner": "numtide",
        "repo": "flake-utils",
        "rev": "11707dc2f618dd54ca8739b309ec4fc024de578b",
        "type": "github"
      },
      "original": {
        "owner": "numtide",
        "repo": "flake-utils",
        "type": "github"
      }
    },
    "home-manager": {
      "inputs": {
        "nixpkgs": [
          "agenix",
          "nixpkgs"
        ]
      },
      "locked": {
        "lastModified": 1703113217,
        "narHash": "sha256-7ulcXOk63TIT2lVDSExj7XzFx09LpdSAPtvgtM7yQPE=",
        "owner": "nix-community",
        "repo": "home-manager",
        "rev": "3bfaacf46133c037bb356193bd2f1765d9dc82c1",
        "type": "github"
      },
      "original": {
        "owner": "nix-community",
        "repo": "home-manager",
        "type": "github"
      }
    },
    "home-manager-wsl": {
      "inputs": {
        "nixpkgs": [
          "nixpkgs-wsl"
        ]
      },
      "locked": {
        "lastModified": 1719827415,
        "narHash": "sha256-pvh+1hStXXAZf0sZ1xIJbWGx4u+OGBC1rVx6Wsw0fBw=",
        "owner": "nix-community",
        "repo": "home-manager",
        "rev": "f2e3c19867262dbe84fdfab42467fc8dd83a2005",
        "type": "github"
      },
      "original": {
        "owner": "nix-community",
        "ref": "release-23.11",
        "repo": "home-manager",
        "type": "github"
      }
    },
    "home-manager_2": {
      "inputs": {
        "nixpkgs": [
          "nixpkgs"
        ]
      },
      "locked": {
        "lastModified": 1738415006,
        "narHash": "sha256-ZlLTnqIQQ8OE6AtT+fluB642j2R9tnvxHHtpnmLjSxQ=",
        "owner": "nix-community",
        "repo": "home-manager",
        "rev": "8544cd092047a7e92d0dce011108a563de7fc0f2",
        "type": "github"
      },
      "original": {
        "owner": "nix-community",
        "repo": "home-manager",
        "type": "github"
      }
    },
    "lancache": {
      "locked": {
        "lastModified": 1733905136,
        "narHash": "sha256-5VJl/Mzhj5eJ9Z1CLAjIVgleDc2BfmQcIMUjP5VRDo4=",
        "owner": "menixator",
        "repo": "lancache.nix",
        "rev": "4ac08710008baad829eec67b51db8de327381864",
        "type": "github"
      },
      "original": {
        "owner": "menixator",
        "repo": "lancache.nix",
        "type": "github"
      }
    },
    "nix-index-database": {
      "inputs": {
        "nixpkgs": [
          "nixpkgs"
        ]
      },
      "locked": {
        "lastModified": 1737861961,
        "narHash": "sha256-LIRtMvAwLGb8pBoamzgEF67oKlNPz4LuXiRPVZf+TpE=",
        "owner": "nix-community",
        "repo": "nix-index-database",
        "rev": "79b7b8eae3243fc5aa9aad34ba6b9bbb2266f523",
        "type": "github"
      },
      "original": {
        "owner": "nix-community",
        "repo": "nix-index-database",
        "type": "github"
      }
    },
    "nixos-wsl": {
      "inputs": {
        "flake-compat": [
          "flake-compat"
        ],
        "nixpkgs": [
          "nixpkgs-wsl"
        ]
      },
      "locked": {
        "lastModified": 1736095716,
        "narHash": "sha256-csysw/Szu98QDiA2lhWk9seYOyCebeVEWL89zh1cduM=",
        "owner": "nix-community",
        "repo": "NixOS-WSL",
        "rev": "63c3b4ed1712a3a0621002cd59bfdc80875ecbb0",
        "type": "github"
      },
      "original": {
        "owner": "nix-community",
        "repo": "NixOS-WSL",
        "type": "github"
      }
    },
    "nixpkgs": {
      "locked": {
        "lastModified": 1738142207,
        "narHash": "sha256-NGqpVVxNAHwIicXpgaVqJEJWeyqzoQJ9oc8lnK9+WC4=",
        "owner": "nixos",
        "repo": "nixpkgs",
        "rev": "9d3ae807ebd2981d593cddd0080856873139aa40",
        "type": "github"
      },
      "original": {
        "owner": "nixos",
        "ref": "nixos-unstable",
        "repo": "nixpkgs",
        "type": "github"
      }
    },
    "nixpkgs-mailserver": {
      "locked": {
        "lastModified": 1735563628,
        "narHash": "sha256-OnSAY7XDSx7CtDoqNh8jwVwh4xNL/2HaJxGjryLWzX8=",
        "owner": "nixos",
        "repo": "nixpkgs",
        "rev": "b134951a4c9f3c995fd7be05f3243f8ecd65d798",
        "type": "github"
      },
      "original": {
        "owner": "nixos",
        "ref": "nixos-24.05",
        "repo": "nixpkgs",
        "type": "github"
      }
    },
    "nixpkgs-staging": {
      "locked": {
        "lastModified": 1738412230,
        "narHash": "sha256-B7trSoJN35WEtwn82It1DUDRvJ3dXP+TvWljtRQ2t3w=",
        "owner": "nixos",
        "repo": "nixpkgs",
        "rev": "7017fbeb11f8ae8952eb7cf6a063cf562e49a463",
        "type": "github"
      },
      "original": {
        "owner": "nixos",
        "ref": "staging-next",
        "repo": "nixpkgs",
        "type": "github"
      }
    },
    "nixpkgs-wsl": {
      "locked": {
        "lastModified": 1720535198,
        "narHash": "sha256-zwVvxrdIzralnSbcpghA92tWu2DV2lwv89xZc8MTrbg=",
        "owner": "nixos",
        "repo": "nixpkgs",
        "rev": "205fd4226592cc83fd4c0885a3e4c9c400efabb5",
        "type": "github"
      },
      "original": {
        "owner": "nixos",
        "ref": "nixos-23.11",
        "repo": "nixpkgs",
        "type": "github"
      }
    },
    "root": {
      "inputs": {
        "agenix": "agenix",
        "flake-compat": "flake-compat",
        "flake-utils": "flake-utils",
        "home-manager": "home-manager_2",
        "home-manager-wsl": "home-manager-wsl",
        "lancache": "lancache",
        "nix-index-database": "nix-index-database",
        "nixos-wsl": "nixos-wsl",
        "nixpkgs": "nixpkgs",
        "nixpkgs-mailserver": "nixpkgs-mailserver",
        "nixpkgs-staging": "nixpkgs-staging",
        "nixpkgs-wsl": "nixpkgs-wsl"
      }
    },
    "systems": {
      "locked": {
        "lastModified": 1681028828,
        "narHash": "sha256-Vy1rq5AaRuLzOxct8nz4T6wlgyUR7zLU309k9mBC768=",
        "owner": "nix-systems",
        "repo": "default",
        "rev": "da67096a3b9bf56a91d16901293e51ba5b49a27e",
        "type": "github"
      },
      "original": {
        "owner": "nix-systems",
        "repo": "default",
        "type": "github"
      }
    },
    "systems_2": {
      "locked": {
        "lastModified": 1681028828,
        "narHash": "sha256-Vy1rq5AaRuLzOxct8nz4T6wlgyUR7zLU309k9mBC768=",
        "owner": "nix-systems",
        "repo": "default",
        "rev": "da67096a3b9bf56a91d16901293e51ba5b49a27e",
        "type": "github"
      },
      "original": {
        "owner": "nix-systems",
        "repo": "default",
        "type": "github"
      }
    }
  },
  "root": "root",
  "version": 7
}
